
Microsoft Visual Studio Solution File, Format Version 12.00
# Visual Studio Version 17
VisualStudioVersion = 17.13.35919.96
MinimumVisualStudioVersion = 10.0.40219.1
Project("{2150E333-8FDC-42A3-9474-1A3956D46DE8}") = "Core", "Core", "{403EEED4-491B-4226-9318-3EA015DCA00A}"
EndProject
Project("{2150E333-8FDC-42A3-9474-1A3956D46DE8}") = "Infrastructure", "Infrastructure", "{66D71005-4F9E-46C8-9DC6-17D0640C3B7D}"
EndProject
Project("{2150E333-8FDC-42A3-9474-1A3956D46DE8}") = "_SolutionItems", "_SolutionItems", "{F7130DAC-1799-4E61-B513-67C7841B0ACB}"
EndProject
Project("{2150E333-8FDC-42A3-9474-1A3956D46DE8}") = "Docker", "Docker", "{02EA681E-C7D8-13C7-8484-4AC65E1B71E8}"
	ProjectSection(SolutionItems) = preProject
		docker\docker-compose.override.yml = docker\docker-compose.override.yml
		docker\docker-compose.yml = docker\docker-compose.yml
	EndProjectSection
EndProject
Project("{FAE04EC0-301F-11D3-BF4B-00C04F79EFBC}") = "ZSocialMedia.Shared", "src\ZSocialMedia.Shared\ZSocialMedia.Shared.csproj", "{A5BBE063-CDDE-A8D6-924B-39A325D646BD}"
EndProject
Project("{FAE04EC0-301F-11D3-BF4B-00C04F79EFBC}") = "ZSocialMedia.Domain", "src\ZSocialMedia.Domain\ZSocialMedia.Domain.csproj", "{785BF5A6-AA28-351D-D5C8-FA1BCDF25AE5}"
EndProject
Project("{FAE04EC0-301F-11D3-BF4B-00C04F79EFBC}") = "ZSocialMedia.Application", "src\ZSocialMedia.Application\ZSocialMedia.Application.csproj", "{B411A98D-B2C2-4A50-5E3B-AE71C6C791AB}"
EndProject
Project("{FAE04EC0-301F-11D3-BF4B-00C04F79EFBC}") = "ZSocialMedia.Infrastructure.Caching", "src\ZSocialMedia.Infrastructure.Cache\ZSocialMedia.Infrastructure.Caching.csproj", "{971CED81-F806-9514-AD80-FA3A8EFF6B7E}"
EndProject
Project("{FAE04EC0-301F-11D3-BF4B-00C04F79EFBC}") = "ZSocialMedia.Infrastructure", "src\ZSocialMedia.Infrastructure\ZSocialMedia.Infrastructure.csproj", "{A7AB5147-DD7A-A597-8088-48295B0F64C4}"
EndProject
Project("{FAE04EC0-301F-11D3-BF4B-00C04F79EFBC}") = "ZSocialMedia.WebApi", "src\ZSocialMedia.WebApi\ZSocialMedia.WebApi.csproj", "{EDEB1B07-BAB8-396C-1FD2-8E11AE699BE4}"
EndProject
Global
	GlobalSection(SolutionConfigurationPlatforms) = preSolution
		Debug|Any CPU = Debug|Any CPU
		Release|Any CPU = Release|Any CPU
	EndGlobalSection
	GlobalSection(ProjectConfigurationPlatforms) = postSolution
		{A5BBE063-CDDE-A8D6-924B-39A325D646BD}.Debug|Any CPU.ActiveCfg = Debug|Any CPU
		{A5BBE063-CDDE-A8D6-924B-39A325D646BD}.Debug|Any CPU.Build.0 = Debug|Any CPU
		{A5BBE063-CDDE-A8D6-924B-39A325D646BD}.Release|Any CPU.ActiveCfg = Release|Any CPU
		{A5BBE063-CDDE-A8D6-924B-39A325D646BD}.Release|Any CPU.Build.0 = Release|Any CPU
		{785BF5A6-AA28-351D-D5C8-FA1BCDF25AE5}.Debug|Any CPU.ActiveCfg = Debug|Any CPU
		{785BF5A6-AA28-351D-D5C8-FA1BCDF25AE5}.Debug|Any CPU.Build.0 = Debug|Any CPU
		{785BF5A6-AA28-351D-D5C8-FA1BCDF25AE5}.Release|Any CPU.ActiveCfg = Release|Any CPU
		{785BF5A6-AA28-351D-D5C8-FA1BCDF25AE5}.Release|Any CPU.Build.0 = Release|Any CPU
		{B411A98D-B2C2-4A50-5E3B-AE71C6C791AB}.Debug|Any CPU.ActiveCfg = Debug|Any CPU
		{B411A98D-B2C2-4A50-5E3B-AE71C6C791AB}.Debug|Any CPU.Build.0 = Debug|Any CPU
		{B411A98D-B2C2-4A50-5E3B-AE71C6C791AB}.Release|Any CPU.ActiveCfg = Release|Any CPU
		{B411A98D-B2C2-4A50-5E3B-AE71C6C791AB}.Release|Any CPU.Build.0 = Release|Any CPU
		{971CED81-F806-9514-AD80-FA3A8EFF6B7E}.Debug|Any CPU.ActiveCfg = Debug|Any CPU
		{971CED81-F806-9514-AD80-FA3A8EFF6B7E}.Debug|Any CPU.Build.0 = Debug|Any CPU
		{971CED81-F806-9514-AD80-FA3A8EFF6B7E}.Release|Any CPU.ActiveCfg = Release|Any CPU
		{971CED81-F806-9514-AD80-FA3A8EFF6B7E}.Release|Any CPU.Build.0 = Release|Any CPU
		{A7AB5147-DD7A-A597-8088-48295B0F64C4}.Debug|Any CPU.ActiveCfg = Debug|Any CPU
		{A7AB5147-DD7A-A597-8088-48295B0F64C4}.Debug|Any CPU.Build.0 = Debug|Any CPU
		{A7AB5147-DD7A-A597-8088-48295B0F64C4}.Release|Any CPU.ActiveCfg = Release|Any CPU
		{A7AB5147-DD7A-A597-8088-48295B0F64C4}.Release|Any CPU.Build.0 = Release|Any CPU
		{EDEB1B07-BAB8-396C-1FD2-8E11AE699BE4}.Debug|Any CPU.ActiveCfg = Debug|Any CPU
		{EDEB1B07-BAB8-396C-1FD2-8E11AE699BE4}.Debug|Any CPU.Build.0 = Debug|Any CPU
		{EDEB1B07-BAB8-396C-1FD2-8E11AE699BE4}.Release|Any CPU.ActiveCfg = Release|Any CPU
		{EDEB1B07-BAB8-396C-1FD2-8E11AE699BE4}.Release|Any CPU.Build.0 = Release|Any CPU
	EndGlobalSection
	GlobalSection(SolutionProperties) = preSolution
		HideSolutionNode = FALSE
	EndGlobalSection
	GlobalSection(NestedProjects) = preSolution
		{02EA681E-C7D8-13C7-8484-4AC65E1B71E8} = {F7130DAC-1799-4E61-B513-67C7841B0ACB}
		{A5BBE063-CDDE-A8D6-924B-39A325D646BD} = {403EEED4-491B-4226-9318-3EA015DCA00A}
		{785BF5A6-AA28-351D-D5C8-FA1BCDF25AE5} = {403EEED4-491B-4226-9318-3EA015DCA00A}
		{971CED81-F806-9514-AD80-FA3A8EFF6B7E} = {66D71005-4F9E-46C8-9DC6-17D0640C3B7D}
		{A7AB5147-DD7A-A597-8088-48295B0F64C4} = {66D71005-4F9E-46C8-9DC6-17D0640C3B7D}
	EndGlobalSection
	GlobalSection(ExtensibilityGlobals) = postSolution
		SolutionGuid = {1339F505-71B7-482C-8415-0F2AC909F431}
	EndGlobalSection
EndGlobal
